
Microsoft Visual Studio Solution File, Format Version 12.00
Project("{FAE04EC0-301F-11D3-BF4B-00C04F79EFBC}") = "GetJobAI.Optimisation", "GetJobAI.Optimisation\GetJobAI.Optimisation.csproj", "{3E598BBC-5484-4150-98C7-327DEBC5D282}"
EndProject
Project("{FAE04EC0-301F-11D3-BF4B-00C04F79EFBC}") = "GetJobAI.PromptSandbox", "GetJobAI.PromptSandbox\GetJobAI.PromptSandbox.csproj", "{2DE6131A-8957-44A4-9BDE-490661980715}"
EndProject
Global
	GlobalSection(SolutionConfigurationPlatforms) = preSolution
		Debug|Any CPU = Debug|Any CPU
		Release|Any CPU = Release|Any CPU
	EndGlobalSection
	GlobalSection(ProjectConfigurationPlatforms) = postSolution
		{3E598BBC-5484-4150-98C7-327DEBC5D282}.Debug|Any CPU.ActiveCfg = Debug|Any CPU
		{3E598BBC-5484-4150-98C7-327DEBC5D282}.Debug|Any CPU.Build.0 = Debug|Any CPU
		{3E598BBC-5484-4150-98C7-327DEBC5D282}.Release|Any CPU.ActiveCfg = Release|Any CPU
		{3E598BBC-5484-4150-98C7-327DEBC5D282}.Release|Any CPU.Build.0 = Release|Any CPU
		{2DE6131A-8957-44A4-9BDE-490661980715}.Debug|Any CPU.ActiveCfg = Debug|Any CPU
		{2DE6131A-8957-44A4-9BDE-490661980715}.Debug|Any CPU.Build.0 = Debug|Any CPU
		{2DE6131A-8957-44A4-9BDE-490661980715}.Release|Any CPU.ActiveCfg = Release|Any CPU
		{2DE6131A-8957-44A4-9BDE-490661980715}.Release|Any CPU.Build.0 = Release|Any CPU
	EndGlobalSection
EndGlobal
